// !$*UTF8*$!
{
	archiveVersion = 1;
	classes = {
	};
	objectVersion = 46;
	objects = {

/* Begin PBXBuildFile section */
		84A509EB19766DBF008D2B48 /* Foundation.framework in Frameworks */ = {isa = PBXBuildFile; fileRef = 84A509EA19766DBF008D2B48 /* Foundation.framework */; };
		84A509ED19766DBF008D2B48 /* CoreGraphics.framework in Frameworks */ = {isa = PBXBuildFile; fileRef = 84A509EC19766DBF008D2B48 /* CoreGraphics.framework */; };
		84A509EF19766DBF008D2B48 /* UIKit.framework in Frameworks */ = {isa = PBXBuildFile; fileRef = 84A509EE19766DBF008D2B48 /* UIKit.framework */; };
		84A509F119766DBF008D2B48 /* CoreData.framework in Frameworks */ = {isa = PBXBuildFile; fileRef = 84A509F019766DBF008D2B48 /* CoreData.framework */; };
		84A509F719766DBF008D2B48 /* InfoPlist.strings in Resources */ = {isa = PBXBuildFile; fileRef = 84A509F519766DBF008D2B48 /* InfoPlist.strings */; };
		84A509F919766DBF008D2B48 /* main.m in Sources */ = {isa = PBXBuildFile; fileRef = 84A509F819766DBF008D2B48 /* main.m */; };
		84A509FD19766DBF008D2B48 /* AppDelegate.m in Sources */ = {isa = PBXBuildFile; fileRef = 84A509FC19766DBF008D2B48 /* AppDelegate.m */; };
		84A50A0019766DBF008D2B48 /* RecipeStore88.xcdatamodeld in Sources */ = {isa = PBXBuildFile; fileRef = 84A509FE19766DBF008D2B48 /* RecipeStore88.xcdatamodeld */; };
		84A50A0219766DBF008D2B48 /* Images.xcassets in Resources */ = {isa = PBXBuildFile; fileRef = 84A50A0119766DBF008D2B48 /* Images.xcassets */; };
		84A50A0919766DBF008D2B48 /* XCTest.framework in Frameworks */ = {isa = PBXBuildFile; fileRef = 84A50A0819766DBF008D2B48 /* XCTest.framework */; };
		84A50A0A19766DBF008D2B48 /* Foundation.framework in Frameworks */ = {isa = PBXBuildFile; fileRef = 84A509EA19766DBF008D2B48 /* Foundation.framework */; };
		84A50A0B19766DBF008D2B48 /* UIKit.framework in Frameworks */ = {isa = PBXBuildFile; fileRef = 84A509EE19766DBF008D2B48 /* UIKit.framework */; };
		84A50A0C19766DBF008D2B48 /* CoreData.framework in Frameworks */ = {isa = PBXBuildFile; fileRef = 84A509F019766DBF008D2B48 /* CoreData.framework */; };
		84A50A1419766DBF008D2B48 /* InfoPlist.strings in Resources */ = {isa = PBXBuildFile; fileRef = 84A50A1219766DBF008D2B48 /* InfoPlist.strings */; };
		84A50A1619766DBF008D2B48 /* RecipeStore88Tests.m in Sources */ = {isa = PBXBuildFile; fileRef = 84A50A1519766DBF008D2B48 /* RecipeStore88Tests.m */; };
		84A50A2019766DD3008D2B48 /* Main.storyboard in Resources */ = {isa = PBXBuildFile; fileRef = 84A50A1F19766DD3008D2B48 /* Main.storyboard */; };
		84A50A2319766EE0008D2B48 /* AddRecipeViewController.m in Sources */ = {isa = PBXBuildFile; fileRef = 84A50A2219766EE0008D2B48 /* AddRecipeViewController.m */; };
		84A50A2619766F45008D2B48 /* RecipeStoreTableViewController.m in Sources */ = {isa = PBXBuildFile; fileRef = 84A50A2519766F45008D2B48 /* RecipeStoreTableViewController.m */; };
/* End PBXBuildFile section */

/* Begin PBXContainerItemProxy section */
		84A50A0D19766DBF008D2B48 /* PBXContainerItemProxy */ = {
			isa = PBXContainerItemProxy;
			containerPortal = 84A509DF19766DBF008D2B48 /* Project object */;
			proxyType = 1;
			remoteGlobalIDString = 84A509E619766DBF008D2B48;
			remoteInfo = RecipeStore88;
		};
/* End PBXContainerItemProxy section */

/* Begin PBXFileReference section */
		84A509E719766DBF008D2B48 /* RecipeStore88.app */ = {isa = PBXFileReference; explicitFileType = wrapper.application; includeInIndex = 0; path = RecipeStore88.app; sourceTree = BUILT_PRODUCTS_DIR; };
		84A509EA19766DBF008D2B48 /* Foundation.framework */ = {isa = PBXFileReference; lastKnownFileType = wrapper.framework; name = Foundation.framework; path = System/Library/Frameworks/Foundation.framework; sourceTree = SDKROOT; };
		84A509EC19766DBF008D2B48 /* CoreGraphics.framework */ = {isa = PBXFileReference; lastKnownFileType = wrapper.framework; name = CoreGraphics.framework; path = System/Library/Frameworks/CoreGraphics.framework; sourceTree = SDKROOT; };
		84A509EE19766DBF008D2B48 /* UIKit.framework */ = {isa = PBXFileReference; lastKnownFileType = wrapper.framework; name = UIKit.framework; path = System/Library/Frameworks/UIKit.framework; sourceTree = SDKROOT; };
		84A509F019766DBF008D2B48 /* CoreData.framework */ = {isa = PBXFileReference; lastKnownFileType = wrapper.framework; name = CoreData.framework; path = System/Library/Frameworks/CoreData.framework; sourceTree = SDKROOT; };
		84A509F419766DBF008D2B48 /* RecipeStore88-Info.plist */ = {isa = PBXFileReference; lastKnownFileType = text.plist.xml; path = "RecipeStore88-Info.plist"; sourceTree = "<group>"; };
		84A509F619766DBF008D2B48 /* en */ = {isa = PBXFileReference; lastKnownFileType = text.plist.strings; name = en; path = en.lproj/InfoPlist.strings; sourceTree = "<group>"; };
		84A509F819766DBF008D2B48 /* main.m */ = {isa = PBXFileReference; lastKnownFileType = sourcecode.c.objc; path = main.m; sourceTree = "<group>"; };
		84A509FA19766DBF008D2B48 /* RecipeStore88-Prefix.pch */ = {isa = PBXFileReference; lastKnownFileType = sourcecode.c.h; path = "RecipeStore88-Prefix.pch"; sourceTree = "<group>"; };
		84A509FB19766DBF008D2B48 /* AppDelegate.h */ = {isa = PBXFileReference; lastKnownFileType = sourcecode.c.h; path = AppDelegate.h; sourceTree = "<group>"; };
		84A509FC19766DBF008D2B48 /* AppDelegate.m */ = {isa = PBXFileReference; lastKnownFileType = sourcecode.c.objc; path = AppDelegate.m; sourceTree = "<group>"; };
		84A509FF19766DBF008D2B48 /* RecipeStore88.xcdatamodel */ = {isa = PBXFileReference; lastKnownFileType = wrapper.xcdatamodel; path = RecipeStore88.xcdatamodel; sourceTree = "<group>"; };
		84A50A0119766DBF008D2B48 /* Images.xcassets */ = {isa = PBXFileReference; lastKnownFileType = folder.assetcatalog; path = Images.xcassets; sourceTree = "<group>"; };
		84A50A0719766DBF008D2B48 /* RecipeStore88Tests.xctest */ = {isa = PBXFileReference; explicitFileType = wrapper.cfbundle; includeInIndex = 0; path = RecipeStore88Tests.xctest; sourceTree = BUILT_PRODUCTS_DIR; };
		84A50A0819766DBF008D2B48 /* XCTest.framework */ = {isa = PBXFileReference; lastKnownFileType = wrapper.framework; name = XCTest.framework; path = Library/Frameworks/XCTest.framework; sourceTree = DEVELOPER_DIR; };
		84A50A1119766DBF008D2B48 /* RecipeStore88Tests-Info.plist */ = {isa = PBXFileReference; lastKnownFileType = text.plist.xml; path = "RecipeStore88Tests-Info.plist"; sourceTree = "<group>"; };
		84A50A1319766DBF008D2B48 /* en */ = {isa = PBXFileReference; lastKnownFileType = text.plist.strings; name = en; path = en.lproj/InfoPlist.strings; sourceTree = "<group>"; };
		84A50A1519766DBF008D2B48 /* RecipeStore88Tests.m */ = {isa = PBXFileReference; lastKnownFileType = sourcecode.c.objc; path = RecipeStore88Tests.m; sourceTree = "<group>"; };
		84A50A1F19766DD3008D2B48 /* Main.storyboard */ = {isa = PBXFileReference; fileEncoding = 4; lastKnownFileType = file.storyboard; path = Main.storyboard; sourceTree = "<group>"; };
		84A50A2119766EE0008D2B48 /* AddRecipeViewController.h */ = {isa = PBXFileReference; fileEncoding = 4; lastKnownFileType = sourcecode.c.h; path = AddRecipeViewController.h; sourceTree = "<group>"; };
		84A50A2219766EE0008D2B48 /* AddRecipeViewController.m */ = {isa = PBXFileReference; fileEncoding = 4; lastKnownFileType = sourcecode.c.objc; path = AddRecipeViewController.m; sourceTree = "<group>"; };
		84A50A2419766F45008D2B48 /* RecipeStoreTableViewController.h */ = {isa = PBXFileReference; fileEncoding = 4; lastKnownFileType = sourcecode.c.h; path = RecipeStoreTableViewController.h; sourceTree = "<group>"; };
		84A50A2519766F45008D2B48 /* RecipeStoreTableViewController.m */ = {isa = PBXFileReference; fileEncoding = 4; lastKnownFileType = sourcecode.c.objc; path = RecipeStoreTableViewController.m; sourceTree = "<group>"; };
/* End PBXFileReference section */

/* Begin PBXFrameworksBuildPhase section */
		84A509E419766DBF008D2B48 /* Frameworks */ = {
			isa = PBXFrameworksBuildPhase;
			buildActionMask = 2147483647;
			files = (
				84A509ED19766DBF008D2B48 /* CoreGraphics.framework in Frameworks */,
				84A509F119766DBF008D2B48 /* CoreData.framework in Frameworks */,
				84A509EF19766DBF008D2B48 /* UIKit.framework in Frameworks */,
				84A509EB19766DBF008D2B48 /* Foundation.framework in Frameworks */,
			);
			runOnlyForDeploymentPostprocessing = 0;
		};
		84A50A0419766DBF008D2B48 /* Frameworks */ = {
			isa = PBXFrameworksBuildPhase;
			buildActionMask = 2147483647;
			files = (
				84A50A0919766DBF008D2B48 /* XCTest.framework in Frameworks */,
				84A50A0C19766DBF008D2B48 /* CoreData.framework in Frameworks */,
				84A50A0B19766DBF008D2B48 /* UIKit.framework in Frameworks */,
				84A50A0A19766DBF008D2B48 /* Foundation.framework in Frameworks */,
			);
			runOnlyForDeploymentPostprocessing = 0;
		};
/* End PBXFrameworksBuildPhase section */

/* Begin PBXGroup section */
		84A509DE19766DBF008D2B48 = {
			isa = PBXGroup;
			children = (
				84A509F219766DBF008D2B48 /* RecipeStore88 */,
				84A50A0F19766DBF008D2B48 /* RecipeStore88Tests */,
				84A509E919766DBF008D2B48 /* Frameworks */,
				84A509E819766DBF008D2B48 /* Products */,
			);
			sourceTree = "<group>";
		};
		84A509E819766DBF008D2B48 /* Products */ = {
			isa = PBXGroup;
			children = (
				84A509E719766DBF008D2B48 /* RecipeStore88.app */,
				84A50A0719766DBF008D2B48 /* RecipeStore88Tests.xctest */,
			);
			name = Products;
			sourceTree = "<group>";
		};
		84A509E919766DBF008D2B48 /* Frameworks */ = {
			isa = PBXGroup;
			children = (
				84A509EA19766DBF008D2B48 /* Foundation.framework */,
				84A509EC19766DBF008D2B48 /* CoreGraphics.framework */,
				84A509EE19766DBF008D2B48 /* UIKit.framework */,
				84A509F019766DBF008D2B48 /* CoreData.framework */,
				84A50A0819766DBF008D2B48 /* XCTest.framework */,
			);
			name = Frameworks;
			sourceTree = "<group>";
		};
		84A509F219766DBF008D2B48 /* RecipeStore88 */ = {
			isa = PBXGroup;
			children = (
				84A509FB19766DBF008D2B48 /* AppDelegate.h */,
				84A509FC19766DBF008D2B48 /* AppDelegate.m */,
				84A50A0119766DBF008D2B48 /* Images.xcassets */,
				84A509FE19766DBF008D2B48 /* RecipeStore88.xcdatamodeld */,
				84A509F319766DBF008D2B48 /* Supporting Files */,
				84A50A1F19766DD3008D2B48 /* Main.storyboard */,
				84A50A2119766EE0008D2B48 /* AddRecipeViewController.h */,
				84A50A2219766EE0008D2B48 /* AddRecipeViewController.m */,
				84A50A2419766F45008D2B48 /* RecipeStoreTableViewController.h */,
				84A50A2519766F45008D2B48 /* RecipeStoreTableViewController.m */,
			);
			path = RecipeStore88;
			sourceTree = "<group>";
		};
		84A509F319766DBF008D2B48 /* Supporting Files */ = {
			isa = PBXGroup;
			children = (
				84A509F419766DBF008D2B48 /* RecipeStore88-Info.plist */,
				84A509F519766DBF008D2B48 /* InfoPlist.strings */,
				84A509F819766DBF008D2B48 /* main.m */,
				84A509FA19766DBF008D2B48 /* RecipeStore88-Prefix.pch */,
			);
			name = "Supporting Files";
			sourceTree = "<group>";
		};
		84A50A0F19766DBF008D2B48 /* RecipeStore88Tests */ = {
			isa = PBXGroup;
			children = (
				84A50A1519766DBF008D2B48 /* RecipeStore88Tests.m */,
				84A50A1019766DBF008D2B48 /* Supporting Files */,
			);
			path = RecipeStore88Tests;
			sourceTree = "<group>";
		};
		84A50A1019766DBF008D2B48 /* Supporting Files */ = {
			isa = PBXGroup;
			children = (
				84A50A1119766DBF008D2B48 /* RecipeStore88Tests-Info.plist */,
				84A50A1219766DBF008D2B48 /* InfoPlist.strings */,
			);
			name = "Supporting Files";
			sourceTree = "<group>";
		};
/* End PBXGroup section */

/* Begin PBXNativeTarget section */
		84A509E619766DBF008D2B48 /* RecipeStore88 */ = {
			isa = PBXNativeTarget;
			buildConfigurationList = 84A50A1919766DBF008D2B48 /* Build configuration list for PBXNativeTarget "RecipeStore88" */;
			buildPhases = (
				84A509E319766DBF008D2B48 /* Sources */,
				84A509E419766DBF008D2B48 /* Frameworks */,
				84A509E519766DBF008D2B48 /* Resources */,
			);
			buildRules = (
			);
			dependencies = (
			);
			name = RecipeStore88;
			productName = RecipeStore88;
			productReference = 84A509E719766DBF008D2B48 /* RecipeStore88.app */;
			productType = "com.apple.product-type.application";
		};
		84A50A0619766DBF008D2B48 /* RecipeStore88Tests */ = {
			isa = PBXNativeTarget;
			buildConfigurationList = 84A50A1C19766DBF008D2B48 /* Build configuration list for PBXNativeTarget "RecipeStore88Tests" */;
			buildPhases = (
				84A50A0319766DBF008D2B48 /* Sources */,
				84A50A0419766DBF008D2B48 /* Frameworks */,
				84A50A0519766DBF008D2B48 /* Resources */,
			);
			buildRules = (
			);
			dependencies = (
				84A50A0E19766DBF008D2B48 /* PBXTargetDependency */,
			);
			name = RecipeStore88Tests;
			productName = RecipeStore88Tests;
			productReference = 84A50A0719766DBF008D2B48 /* RecipeStore88Tests.xctest */;
			productType = "com.apple.product-type.bundle.unit-test";
		};
/* End PBXNativeTarget section */

/* Begin PBXProject section */
		84A509DF19766DBF008D2B48 /* Project object */ = {
			isa = PBXProject;
			attributes = {
				LastUpgradeCheck = 0510;
				ORGANIZATIONNAME = YEHKUO;
				TargetAttributes = {
					84A50A0619766DBF008D2B48 = {
						TestTargetID = 84A509E619766DBF008D2B48;
					};
				};
			};
			buildConfigurationList = 84A509E219766DBF008D2B48 /* Build configuration list for PBXProject "RecipeStore88" */;
			compatibilityVersion = "Xcode 3.2";
			developmentRegion = English;
			hasScannedForEncodings = 0;
			knownRegions = (
				en,
			);
			mainGroup = 84A509DE19766DBF008D2B48;
			productRefGroup = 84A509E819766DBF008D2B48 /* Products */;
			projectDirPath = "";
			projectRoot = "";
			targets = (
				84A509E619766DBF008D2B48 /* RecipeStore88 */,
				84A50A0619766DBF008D2B48 /* RecipeStore88Tests */,
			);
		};
/* End PBXProject section */

/* Begin PBXResourcesBuildPhase section */
		84A509E519766DBF008D2B48 /* Resources */ = {
			isa = PBXResourcesBuildPhase;
			buildActionMask = 2147483647;
			files = (
				84A50A2019766DD3008D2B48 /* Main.storyboard in Resources */,
				84A509F719766DBF008D2B48 /* InfoPlist.strings in Resources */,
				84A50A0219766DBF008D2B48 /* Images.xcassets in Resources */,
			);
			runOnlyForDeploymentPostprocessing = 0;
		};
		84A50A0519766DBF008D2B48 /* Resources */ = {
			isa = PBXResourcesBuildPhase;
			buildActionMask = 2147483647;
			files = (
				84A50A1419766DBF008D2B48 /* InfoPlist.strings in Resources */,
			);
			runOnlyForDeploymentPostprocessing = 0;
		};
/* End PBXResourcesBuildPhase section */

/* Begin PBXSourcesBuildPhase section */
		84A509E319766DBF008D2B48 /* Sources */ = {
			isa = PBXSourcesBuildPhase;
			buildActionMask = 2147483647;
			files = (
				84A50A2619766F45008D2B48 /* RecipeStoreTableViewController.m in Sources */,
				84A50A2319766EE0008D2B48 /* AddRecipeViewController.m in Sources */,
				84A50A0019766DBF008D2B48 /* RecipeStore88.xcdatamodeld in Sources */,
				84A509FD19766DBF008D2B48 /* AppDelegate.m in Sources */,
				84A509F919766DBF008D2B48 /* main.m in Sources */,
			);
			runOnlyForDeploymentPostprocessing = 0;
		};
		84A50A0319766DBF008D2B48 /* Sources */ = {
			isa = PBXSourcesBuildPhase;
			buildActionMask = 2147483647;
			files = (
				84A50A1619766DBF008D2B48 /* RecipeStore88Tests.m in Sources */,
			);
			runOnlyForDeploymentPostprocessing = 0;
		};
/* End PBXSourcesBuildPhase section */

/* Begin PBXTargetDependency section */
		84A50A0E19766DBF008D2B48 /* PBXTargetDependency */ = {
			isa = PBXTargetDependency;
			target = 84A509E619766DBF008D2B48 /* RecipeStore88 */;
			targetProxy = 84A50A0D19766DBF008D2B48 /* PBXContainerItemProxy */;
		};
/* End PBXTargetDependency section */

/* Begin PBXVariantGroup section */
		84A509F519766DBF008D2B48 /* InfoPlist.strings */ = {
			isa = PBXVariantGroup;
			children = (
				84A509F619766DBF008D2B48 /* en */,
			);
			name = InfoPlist.strings;
			sourceTree = "<group>";
		};
		84A50A1219766DBF008D2B48 /* InfoPlist.strings */ = {
			isa = PBXVariantGroup;
			children = (
				84A50A1319766DBF008D2B48 /* en */,
			);
			name = InfoPlist.strings;
			sourceTree = "<group>";
		};
/* End PBXVariantGroup section */

/* Begin XCBuildConfiguration section */
		84A50A1719766DBF008D2B48 /* Debug */ = {
			isa = XCBuildConfiguration;
			buildSettings = {
				ALWAYS_SEARCH_USER_PATHS = NO;
				CLANG_CXX_LANGUAGE_STANDARD = "gnu++0x";
				CLANG_CXX_LIBRARY = "libc++";
				CLANG_ENABLE_MODULES = YES;
				CLANG_ENABLE_OBJC_ARC = YES;
				CLANG_WARN_BOOL_CONVERSION = YES;
				CLANG_WARN_CONSTANT_CONVERSION = YES;
				CLANG_WARN_DIRECT_OBJC_ISA_USAGE = YES_ERROR;
				CLANG_WARN_EMPTY_BODY = YES;
				CLANG_WARN_ENUM_CONVERSION = YES;
				CLANG_WARN_INT_CONVERSION = YES;
				CLANG_WARN_OBJC_ROOT_CLASS = YES_ERROR;
				CLANG_WARN__DUPLICATE_METHOD_MATCH = YES;
				"CODE_SIGN_IDENTITY[sdk=iphoneos*]" = "iPhone Developer";
				COPY_PHASE_STRIP = NO;
				GCC_C_LANGUAGE_STANDARD = gnu99;
				GCC_DYNAMIC_NO_PIC = NO;
				GCC_OPTIMIZATION_LEVEL = 0;
				GCC_PREPROCESSOR_DEFINITIONS = (
					"DEBUG=1",
					"$(inherited)",
				);
				GCC_SYMBOLS_PRIVATE_EXTERN = NO;
				GCC_WARN_64_TO_32_BIT_CONVERSION = YES;
				GCC_WARN_ABOUT_RETURN_TYPE = YES_ERROR;
				GCC_WARN_UNDECLARED_SELECTOR = YES;
				GCC_WARN_UNINITIALIZED_AUTOS = YES_AGGRESSIVE;
				GCC_WARN_UNUSED_FUNCTION = YES;
				GCC_WARN_UNUSED_VARIABLE = YES;
				IPHONEOS_DEPLOYMENT_TARGET = 7.1;
				ONLY_ACTIVE_ARCH = YES;
				SDKROOT = iphoneos;
			};
			name = Debug;
		};
		84A50A1819766DBF008D2B48 /* Release */ = {
			isa = XCBuildConfiguration;
			buildSettings = {
				ALWAYS_SEARCH_USER_PATHS = NO;
				CLANG_CXX_LANGUAGE_STANDARD = "gnu++0x";
				CLANG_CXX_LIBRARY = "libc++";
				CLANG_ENABLE_MODULES = YES;
				CLANG_ENABLE_OBJC_ARC = YES;
				CLANG_WARN_BOOL_CONVERSION = YES;
				CLANG_WARN_CONSTANT_CONVERSION = YES;
				CLANG_WARN_DIRECT_OBJC_ISA_USAGE = YES_ERROR;
				CLANG_WARN_EMPTY_BODY = YES;
				CLANG_WARN_ENUM_CONVERSION = YES;
				CLANG_WARN_INT_CONVERSION = YES;
				CLANG_WARN_OBJC_ROOT_CLASS = YES_ERROR;
				CLANG_WARN__DUPLICATE_METHOD_MATCH = YES;
				"CODE_SIGN_IDENTITY[sdk=iphoneos*]" = "iPhone Developer";
				COPY_PHASE_STRIP = YES;
				ENABLE_NS_ASSERTIONS = NO;
				GCC_C_LANGUAGE_STANDARD = gnu99;
				GCC_WARN_64_TO_32_BIT_CONVERSION = YES;
				GCC_WARN_ABOUT_RETURN_TYPE = YES_ERROR;
				GCC_WARN_UNDECLARED_SELECTOR = YES;
				GCC_WARN_UNINITIALIZED_AUTOS = YES_AGGRESSIVE;
				GCC_WARN_UNUSED_FUNCTION = YES;
				GCC_WARN_UNUSED_VARIABLE = YES;
				IPHONEOS_DEPLOYMENT_TARGET = 7.1;
				SDKROOT = iphoneos;
				VALIDATE_PRODUCT = YES;
			};
			name = Release;
		};
		84A50A1A19766DBF008D2B48 /* Debug */ = {
			isa = XCBuildConfiguration;
			buildSettings = {
				ASSETCATALOG_COMPILER_APPICON_NAME = AppIcon;
				ASSETCATALOG_COMPILER_LAUNCHIMAGE_NAME = LaunchImage;
				GCC_PRECOMPILE_PREFIX_HEADER = YES;
				GCC_PREFIX_HEADER = "RecipeStore88/RecipeStore88-Prefix.pch";
				INFOPLIST_FILE = "RecipeStore88/RecipeStore88-Info.plist";
				PRODUCT_NAME = "$(TARGET_NAME)";
				WRAPPER_EXTENSION = app;
			};
			name = Debug;
		};
		84A50A1B19766DBF008D2B48 /* Release */ = {
			isa = XCBuildConfiguration;
			buildSettings = {
				ASSETCATALOG_COMPILER_APPICON_NAME = AppIcon;
				ASSETCATALOG_COMPILER_LAUNCHIMAGE_NAME = LaunchImage;
				GCC_PRECOMPILE_PREFIX_HEADER = YES;
				GCC_PREFIX_HEADER = "RecipeStore88/RecipeStore88-Prefix.pch";
				INFOPLIST_FILE = "RecipeStore88/RecipeStore88-Info.plist";
				PRODUCT_NAME = "$(TARGET_NAME)";
				WRAPPER_EXTENSION = app;
			};
			name = Release;
		};
		84A50A1D19766DBF008D2B48 /* Debug */ = {
			isa = XCBuildConfiguration;
			buildSettings = {
				BUNDLE_LOADER = "$(BUILT_PRODUCTS_DIR)/RecipeStore88.app/RecipeStore88";
				FRAMEWORK_SEARCH_PATHS = (
					"$(SDKROOT)/Developer/Library/Frameworks",
					"$(inherited)",
					"$(DEVELOPER_FRAMEWORKS_DIR)",
				);
				GCC_PRECOMPILE_PREFIX_HEADER = YES;
				GCC_PREFIX_HEADER = "RecipeStore88/RecipeStore88-Prefix.pch";
				GCC_PREPROCESSOR_DEFINITIONS = (
					"DEBUG=1",
					"$(inherited)",
				);
				INFOPLIST_FILE = "RecipeStore88Tests/RecipeStore88Tests-Info.plist";
				PRODUCT_NAME = "$(TARGET_NAME)";
				TEST_HOST = "$(BUNDLE_LOADER)";
				WRAPPER_EXTENSION = xctest;
			};
			name = Debug;
		};
		84A50A1E19766DBF008D2B48 /* Release */ = {
			isa = XCBuildConfiguration;
			buildSettings = {
				BUNDLE_LOADER = "$(BUILT_PRODUCTS_DIR)/RecipeStore88.app/RecipeStore88";
				FRAMEWORK_SEARCH_PATHS = (
					"$(SDKROOT)/Developer/Library/Frameworks",
					"$(inherited)",
					"$(DEVELOPER_FRAMEWORKS_DIR)",
				);
				GCC_PRECOMPILE_PREFIX_HEADER = YES;
				GCC_PREFIX_HEADER = "RecipeStore88/RecipeStore88-Prefix.pch";
				INFOPLIST_FILE = "RecipeStore88Tests/RecipeStore88Tests-Info.plist";
				PRODUCT_NAME = "$(TARGET_NAME)";
				TEST_HOST = "$(BUNDLE_LOADER)";
				WRAPPER_EXTENSION = xctest;
			};
			name = Release;
		};
/* End XCBuildConfiguration section */

/* Begin XCConfigurationList section */
		84A509E219766DBF008D2B48 /* Build configuration list for PBXProject "RecipeStore88" */ = {
			isa = XCConfigurationList;
			buildConfigurations = (
				84A50A1719766DBF008D2B48 /* Debug */,
				84A50A1819766DBF008D2B48 /* Release */,
			);
			defaultConfigurationIsVisible = 0;
			defaultConfigurationName = Release;
		};
		84A50A1919766DBF008D2B48 /* Build configuration list for PBXNativeTarget "RecipeStore88" */ = {
			isa = XCConfigurationList;
			buildConfigurations = (
				84A50A1A19766DBF008D2B48 /* Debug */,
				84A50A1B19766DBF008D2B48 /* Release */,
			);
			defaultConfigurationIsVisible = 0;
		};
		84A50A1C19766DBF008D2B48 /* Build configuration list for PBXNativeTarget "RecipeStore88Tests" */ = {
			isa = XCConfigurationList;
			buildConfigurations = (
				84A50A1D19766DBF008D2B48 /* Debug */,
				84A50A1E19766DBF008D2B48 /* Release */,
			);
			defaultConfigurationIsVisible = 0;
		};
/* End XCConfigurationList section */

/* Begin XCVersionGroup section */
		84A509FE19766DBF008D2B48 /* RecipeStore88.xcdatamodeld */ = {
			isa = XCVersionGroup;
			children = (
				84A509FF19766DBF008D2B48 /* RecipeStore88.xcdatamodel */,
			);
			currentVersion = 84A509FF19766DBF008D2B48 /* RecipeStore88.xcdatamodel */;
			path = RecipeStore88.xcdatamodeld;
			sourceTree = "<group>";
			versionGroupType = wrapper.xcdatamodel;
		};
/* End XCVersionGroup section */
	};
	rootObject = 84A509DF19766DBF008D2B48 /* Project object */;
}
